<?xml version="1.0" encoding="utf-8"?>
<Project ToolsVersion="4.0" xmlns="http://schemas.microsoft.com/developer/msbuild/2003">
  <ItemGroup>
    <Filter Include="源文件">
      <UniqueIdentifier>{4FC737F1-C7A5-4376-A066-2A32D752A2FF}</UniqueIdentifier>
      <Extensions>cpp;c;cc;cxx;c++;cppm;ixx;def;odl;idl;hpj;bat;asm;asmx</Extensions>
    </Filter>
    <Filter Include="头文件">
      <UniqueIdentifier>{93995380-89BD-4b04-88EB-625FBE52EBFB}</UniqueIdentifier>
      <Extensions>h;hh;hpp;hxx;h++;hm;inl;inc;ipp;xsd</Extensions>
    </Filter>
    <Filter Include="资源文件">
      <UniqueIdentifier>{67DA6AB6-F800-4c08-8B7A-83BB121AAD01}</UniqueIdentifier>
      <Extensions>rc;ico;cur;bmp;dlg;rc2;rct;bin;rgs;gif;jpg;jpeg;jpe;resx;tiff;tif;png;wav;mfcribbon-ms</Extensions>
    </Filter>
    <Filter Include="libxfrw">
      <UniqueIdentifier>{c640fe67-9320-4ebd-a07a-339f94b71888}</UniqueIdentifier>
    </Filter>
    <Filter Include="libxfrw\intern">
      <UniqueIdentifier>{9cdd774d-ff26-4cee-a10e-991ce03cbaba}</UniqueIdentifier>
    </Filter>
  </ItemGroup>
  <ItemGroup>
    <ClInclude Include="..\libxfrw\drw_base.h">
      <Filter>libxfrw</Filter>
    </ClInclude>
    <ClInclude Include="..\libxfrw\drw_classes.h">
      <Filter>libxfrw</Filter>
    </ClInclude>
    <ClInclude Include="..\libxfrw\drw_entities.h">
      <Filter>libxfrw</Filter>
    </ClInclude>
    <ClInclude Include="..\libxfrw\drw_header.h">
      <Filter>libxfrw</Filter>
    </ClInclude>
    <ClInclude Include="..\libxfrw\drw_interface.h">
      <Filter>libxfrw</Filter>
    </ClInclude>
    <ClInclude Include="..\libxfrw\drw_objects.h">
      <Filter>libxfrw</Filter>
    </ClInclude>
    <ClInclude Include="..\libxfrw\libdwgr.h">
      <Filter>libxfrw</Filter>
    </ClInclude>
    <ClInclude Include="..\libxfrw\libdxfrw.h">
      <Filter>libxfrw</Filter>
    </ClInclude>
    <ClInclude Include="..\libxfrw\main_doc.h">
      <Filter>libxfrw</Filter>
    </ClInclude>
    <ClInclude Include="..\libxfrw\intern\drw_cptable932.h">
      <Filter>libxfrw\intern</Filter>
    </ClInclude>
    <ClInclude Include="..\libxfrw\intern\drw_cptable936.h">
      <Filter>libxfrw\intern</Filter>
    </ClInclude>
    <ClInclude Include="..\libxfrw\intern\drw_cptable949.h">
      <Filter>libxfrw\intern</Filter>
    </ClInclude>
    <ClInclude Include="..\libxfrw\intern\drw_cptable950.h">
      <Filter>libxfrw\intern</Filter>
    </ClInclude>
    <ClInclude Include="..\libxfrw\intern\drw_cptables.h">
      <Filter>libxfrw\intern</Filter>
    </ClInclude>
    <ClInclude Include="..\libxfrw\intern\drw_dbg.h">
      <Filter>libxfrw\intern</Filter>
    </ClInclude>
    <ClInclude Include="..\libxfrw\intern\drw_textcodec.h">
      <Filter>libxfrw\intern</Filter>
    </ClInclude>
    <ClInclude Include="..\libxfrw\intern\dwgbuffer.h">
      <Filter>libxfrw\intern</Filter>
    </ClInclude>
    <ClInclude Include="..\libxfrw\intern\dwgreader.h">
      <Filter>libxfrw\intern</Filter>
    </ClInclude>
    <ClInclude Include="..\libxfrw\intern\dwgreader15.h">
      <Filter>libxfrw\intern</Filter>
    </ClInclude>
    <ClInclude Include="..\libxfrw\intern\dwgreader18.h">
      <Filter>libxfrw\intern</Filter>
    </ClInclude>
    <ClInclude Include="..\libxfrw\intern\dwgreader21.h">
      <Filter>libxfrw\intern</Filter>
    </ClInclude>
    <ClInclude Include="..\libxfrw\intern\dwgreader24.h">
      <Filter>libxfrw\intern</Filter>
    </ClInclude>
    <ClInclude Include="..\libxfrw\intern\dwgreader27.h">
      <Filter>libxfrw\intern</Filter>
    </ClInclude>
    <ClInclude Include="..\libxfrw\intern\dwgreader32.h">
      <Filter>libxfrw\intern</Filter>
    </ClInclude>
    <ClInclude Include="..\libxfrw\intern\dwgutil.h">
      <Filter>libxfrw\intern</Filter>
    </ClInclude>
    <ClInclude Include="..\libxfrw\intern\dxfreader.h">
      <Filter>libxfrw\intern</Filter>
    </ClInclude>
    <ClInclude Include="..\libxfrw\intern\dxfwriter.h">
      <Filter>libxfrw\intern</Filter>
    </ClInclude>
    <ClInclude Include="..\libxfrw\intern\rscodec.h">
      <Filter>libxfrw\intern</Filter>
    </ClInclude>
    <ClInclude Include="dxf_to_json.h">
      <Filter>头文件</Filter>
    </ClInclude>
    <ClInclude Include="mytool.h">
      <Filter>头文件</Filter>
    </ClInclude>
    <ClInclude Include="DxfSymbolCollector.h">
      <Filter>头文件</Filter>
    </ClInclude>
    <ClInclude Include="SymbolGeometry.h">
      <Filter>头文件</Filter>
    </ClInclude>
    <ClInclude Include="SymbolJsonWriter.h">
      <Filter>头文件</Filter>
    </ClInclude>
    <ClInclude Include="SymbolClassifier.h">
      <Filter>头文件</Filter>
    </ClInclude>
  </ItemGroup>
  <ItemGroup>
    <ClCompile Include="..\libxfrw\drw_classes.cpp">
      <Filter>libxfrw</Filter>
    </ClCompile>
    <ClCompile Include="..\libxfrw\drw_entities.cpp">
      <Filter>libxfrw</Filter>
    </ClCompile>
    <ClCompile Include="..\libxfrw\drw_header.cpp">
      <Filter>libxfrw</Filter>
    </ClCompile>
    <ClCompile Include="..\libxfrw\drw_objects.cpp">
      <Filter>libxfrw</Filter>
    </ClCompile>
    <ClCompile Include="..\libxfrw\libdwgr.cpp">
      <Filter>libxfrw</Filter>
    </ClCompile>
    <ClCompile Include="..\libxfrw\libdxfrw.cpp">
      <Filter>libxfrw</Filter>
    </ClCompile>
    <ClCompile Include="..\libxfrw\intern\drw_dbg.cpp">
      <Filter>libxfrw\intern</Filter>
    </ClCompile>
    <ClCompile Include="..\libxfrw\intern\drw_textcodec.cpp">
      <Filter>libxfrw\intern</Filter>
    </ClCompile>
    <ClCompile Include="..\libxfrw\intern\dwgbuffer.cpp">
      <Filter>libxfrw\intern</Filter>
    </ClCompile>
    <ClCompile Include="..\libxfrw\intern\dwgreader.cpp">
      <Filter>libxfrw\intern</Filter>
    </ClCompile>
    <ClCompile Include="..\libxfrw\intern\dwgreader15.cpp">
      <Filter>libxfrw\intern</Filter>
    </ClCompile>
    <ClCompile Include="..\libxfrw\intern\dwgreader18.cpp">
      <Filter>libxfrw\intern</Filter>
    </ClCompile>
    <ClCompile Include="..\libxfrw\intern\dwgreader21.cpp">
      <Filter>libxfrw\intern</Filter>
    </ClCompile>
    <ClCompile Include="..\libxfrw\intern\dwgreader24.cpp">
      <Filter>libxfrw\intern</Filter>
    </ClCompile>
    <ClCompile Include="..\libxfrw\intern\dwgreader27.cpp">
      <Filter>libxfrw\intern</Filter>
    </ClCompile>
    <ClCompile Include="..\libxfrw\intern\dwgreader32.cpp">
      <Filter>libxfrw\intern</Filter>
    </ClCompile>
    <ClCompile Include="..\libxfrw\intern\dwgutil.cpp">
      <Filter>libxfrw\intern</Filter>
    </ClCompile>
    <ClCompile Include="..\libxfrw\intern\dxfreader.cpp">
      <Filter>libxfrw\intern</Filter>
    </ClCompile>
    <ClCompile Include="..\libxfrw\intern\dxfwriter.cpp">
      <Filter>libxfrw\intern</Filter>
    </ClCompile>
    <ClCompile Include="..\libxfrw\intern\rscodec.cpp">
      <Filter>libxfrw\intern</Filter>
    </ClCompile>
    <ClCompile Include="main.cpp">
      <Filter>源文件</Filter>
    </ClCompile>
    <ClCompile Include="dxf_to_json.cpp">
      <Filter>源文件</Filter>
    </ClCompile>
    <ClCompile Include="mytool.cpp">
      <Filter>源文件</Filter>
    </ClCompile>
    <ClCompile Include="DxfSymbolCollector.cpp">
      <Filter>源文件</Filter>
    </ClCompile>
    <ClCompile Include="test.cpp">
      <Filter>源文件</Filter>
    </ClCompile>
    <ClCompile Include="SymbolGeometry.cpp">
      <Filter>源文件</Filter>
    </ClCompile>
    <ClCompile Include="SymbolJsonWriter.cpp">
      <Filter>源文件</Filter>
    </ClCompile>
    <ClCompile Include="SymbolClassifier.cpp">
      <Filter>源文件</Filter>
    </ClCompile>
  </ItemGroup>
  <ItemGroup>
    <None Include="..\libxfrw\Makefile.am">
      <Filter>libxfrw</Filter>
    </None>
    <None Include="..\libxfrw\Makefile.in">
      <Filter>libxfrw</Filter>
    </None>
  </ItemGroup>
</Project>